PODS:
  - Flutter (1.0.0)
  - viva_wallet_pos (0.0.1):
    - Flutter

DEPENDENCIES:
  - Flutter (from `Flutter`)
  - viva_wallet_pos (from `.symlinks/plugins/viva_wallet_pos/ios`)

EXTERNAL SOURCES:
  Flutter:
    :path: Flutter
  viva_wallet_pos:
    :path: ".symlinks/plugins/viva_wallet_pos/ios"

SPEC CHECKSUMS:
  Flutter: cabc95a1d2626b1b06e7179b784ebcf0c0cde467
  viva_wallet_pos: 337e5037f68c0d83af22792283eec6ad279bb338

PODFILE CHECKSUM: 3c63482e143d1b91d2d2560aee9fb04ecc74ac7e

COCOAPODS: 1.16.2
